
Microsoft Visual Studio Solution File, Format Version 12.00
# Visual Studio Version 16
VisualStudioVersion = 16.0.30404.54
MinimumVisualStudioVersion = 10.0.40219.1
Project("{2150E333-8FDC-42A3-9474-1A3956D46DE8}") = "source", "source", "{8199D091-8751-419B-A22A-1AB406D5C160}"
EndProject
Project("{2150E333-8FDC-42A3-9474-1A3956D46DE8}") = "tests", "tests", "{A5DB17EF-EF01-4FA5-A314-300ED6AF4F3A}"
EndProject
Project("{2150E333-8FDC-42A3-9474-1A3956D46DE8}") = "examples", "examples", "{DAED2821-B5EB-4FD6-B96E-AD01FD3F7974}"
EndProject
Project("{2150E333-8FDC-42A3-9474-1A3956D46DE8}") = "Solution Items", "Solution Items", "{0278F361-9135-4C27-B8A8-CAF3CFD5FCB7}"
	ProjectSection(SolutionItems) = preProject
		.editorconfig = .editorconfig
	EndProjectSection
EndProject
Project("{9A19103F-16F7-4668-BE54-9A1E7A4F7556}") = "Spotify.ObjectModel", "source\Spotify.ObjectModel\Spotify.ObjectModel.csproj", "{2D80034B-5DA4-4D72-BD8D-0993CD5394C4}"
EndProject
Project("{9A19103F-16F7-4668-BE54-9A1E7A4F7556}") = "Spotify.Web.Navigation", "source\Spotify.Web.Navigation\Spotify.Web.Navigation.csproj", "{50A93DB9-9997-4AF5-9EF2-CCE207861E57}"
EndProject
Project("{9A19103F-16F7-4668-BE54-9A1E7A4F7556}") = "Spotify.Web.Authorization", "source\Spotify.Web.Authorization\Spotify.Web.Authorization.csproj", "{93505A47-48F9-4CB6-9C12-510E4B049A5B}"
EndProject
Project("{9A19103F-16F7-4668-BE54-9A1E7A4F7556}") = "Spotify.Web.Requests", "source\Spotify.Web.Requests\Spotify.Web.Requests.csproj", "{678E5073-842B-40DD-8FFF-94768CBB18A0}"
EndProject
Project("{9A19103F-16F7-4668-BE54-9A1E7A4F7556}") = "Spotify.Abstractions", "source\Spotify.Abstractions\Spotify.Abstractions.csproj", "{7CE60701-2E54-42BA-A00A-E80CC3B6DE06}"
EndProject
Project("{9A19103F-16F7-4668-BE54-9A1E7A4F7556}") = "Spotify.ObjectModel.Serialization", "source\Spotify.ObjectModel.Serialization\Spotify.ObjectModel.Serialization.csproj", "{7CE801B2-9E23-49DC-A87E-BB9577B96642}"
EndProject
Project("{9A19103F-16F7-4668-BE54-9A1E7A4F7556}") = "Spotify.Web", "source\Spotify.Web\Spotify.Web.csproj", "{C077F4D3-EFAF-4793-B501-549BAB873E10}"
EndProject
Project("{9A19103F-16F7-4668-BE54-9A1E7A4F7556}") = "Spotify.ObjectModel.Serialization.Tests", "tests\Spotify.ObjectModel.Serialization.Tests\Spotify.ObjectModel.Serialization.Tests.csproj", "{21A923DC-FD67-48C6-9A4E-972B39B6EC5D}"
EndProject
Project("{FAE04EC0-301F-11D3-BF4B-00C04F79EFBC}") = "Spotify.ObjectModel.Tests", "tests\Spotify.ObjectModel.Tests\Spotify.ObjectModel.Tests.csproj", "{D829D055-A587-4D22-AED1-12909C9E8C60}"
EndProject
Project("{FAE04EC0-301F-11D3-BF4B-00C04F79EFBC}") = "Spotify.Web.Authorization.Tests", "tests\Spotify.Web.Authorization.Tests\Spotify.Web.Authorization.Tests.csproj", "{E5B95E19-2D9A-41B4-85B2-923F48CA1BBE}"
EndProject
Global
	GlobalSection(SolutionConfigurationPlatforms) = preSolution
		Debug|Any CPU = Debug|Any CPU
		Debug|x64 = Debug|x64
		Debug|x86 = Debug|x86
		Release|Any CPU = Release|Any CPU
		Release|x64 = Release|x64
		Release|x86 = Release|x86
	EndGlobalSection
	GlobalSection(ProjectConfigurationPlatforms) = postSolution
		{2D80034B-5DA4-4D72-BD8D-0993CD5394C4}.Debug|Any CPU.ActiveCfg = Debug|Any CPU
		{2D80034B-5DA4-4D72-BD8D-0993CD5394C4}.Debug|Any CPU.Build.0 = Debug|Any CPU
		{2D80034B-5DA4-4D72-BD8D-0993CD5394C4}.Debug|x64.ActiveCfg = Debug|Any CPU
		{2D80034B-5DA4-4D72-BD8D-0993CD5394C4}.Debug|x64.Build.0 = Debug|Any CPU
		{2D80034B-5DA4-4D72-BD8D-0993CD5394C4}.Debug|x86.ActiveCfg = Debug|Any CPU
		{2D80034B-5DA4-4D72-BD8D-0993CD5394C4}.Debug|x86.Build.0 = Debug|Any CPU
		{2D80034B-5DA4-4D72-BD8D-0993CD5394C4}.Release|Any CPU.ActiveCfg = Release|Any CPU
		{2D80034B-5DA4-4D72-BD8D-0993CD5394C4}.Release|Any CPU.Build.0 = Release|Any CPU
		{2D80034B-5DA4-4D72-BD8D-0993CD5394C4}.Release|x64.ActiveCfg = Release|Any CPU
		{2D80034B-5DA4-4D72-BD8D-0993CD5394C4}.Release|x64.Build.0 = Release|Any CPU
		{2D80034B-5DA4-4D72-BD8D-0993CD5394C4}.Release|x86.ActiveCfg = Release|Any CPU
		{2D80034B-5DA4-4D72-BD8D-0993CD5394C4}.Release|x86.Build.0 = Release|Any CPU
		{50A93DB9-9997-4AF5-9EF2-CCE207861E57}.Debug|Any CPU.ActiveCfg = Debug|Any CPU
		{50A93DB9-9997-4AF5-9EF2-CCE207861E57}.Debug|Any CPU.Build.0 = Debug|Any CPU
		{50A93DB9-9997-4AF5-9EF2-CCE207861E57}.Debug|x64.ActiveCfg = Debug|Any CPU
		{50A93DB9-9997-4AF5-9EF2-CCE207861E57}.Debug|x64.Build.0 = Debug|Any CPU
		{50A93DB9-9997-4AF5-9EF2-CCE207861E57}.Debug|x86.ActiveCfg = Debug|Any CPU
		{50A93DB9-9997-4AF5-9EF2-CCE207861E57}.Debug|x86.Build.0 = Debug|Any CPU
		{50A93DB9-9997-4AF5-9EF2-CCE207861E57}.Release|Any CPU.ActiveCfg = Release|Any CPU
		{50A93DB9-9997-4AF5-9EF2-CCE207861E57}.Release|Any CPU.Build.0 = Release|Any CPU
		{50A93DB9-9997-4AF5-9EF2-CCE207861E57}.Release|x64.ActiveCfg = Release|Any CPU
		{50A93DB9-9997-4AF5-9EF2-CCE207861E57}.Release|x64.Build.0 = Release|Any CPU
		{50A93DB9-9997-4AF5-9EF2-CCE207861E57}.Release|x86.ActiveCfg = Release|Any CPU
		{50A93DB9-9997-4AF5-9EF2-CCE207861E57}.Release|x86.Build.0 = Release|Any CPU
		{93505A47-48F9-4CB6-9C12-510E4B049A5B}.Debug|Any CPU.ActiveCfg = Debug|Any CPU
		{93505A47-48F9-4CB6-9C12-510E4B049A5B}.Debug|Any CPU.Build.0 = Debug|Any CPU
		{93505A47-48F9-4CB6-9C12-510E4B049A5B}.Debug|x64.ActiveCfg = Debug|Any CPU
		{93505A47-48F9-4CB6-9C12-510E4B049A5B}.Debug|x64.Build.0 = Debug|Any CPU
		{93505A47-48F9-4CB6-9C12-510E4B049A5B}.Debug|x86.ActiveCfg = Debug|Any CPU
		{93505A47-48F9-4CB6-9C12-510E4B049A5B}.Debug|x86.Build.0 = Debug|Any CPU
		{93505A47-48F9-4CB6-9C12-510E4B049A5B}.Release|Any CPU.ActiveCfg = Release|Any CPU
		{93505A47-48F9-4CB6-9C12-510E4B049A5B}.Release|Any CPU.Build.0 = Release|Any CPU
		{93505A47-48F9-4CB6-9C12-510E4B049A5B}.Release|x64.ActiveCfg = Release|Any CPU
		{93505A47-48F9-4CB6-9C12-510E4B049A5B}.Release|x64.Build.0 = Release|Any CPU
		{93505A47-48F9-4CB6-9C12-510E4B049A5B}.Release|x86.ActiveCfg = Release|Any CPU
		{93505A47-48F9-4CB6-9C12-510E4B049A5B}.Release|x86.Build.0 = Release|Any CPU
		{678E5073-842B-40DD-8FFF-94768CBB18A0}.Debug|Any CPU.ActiveCfg = Debug|Any CPU
		{678E5073-842B-40DD-8FFF-94768CBB18A0}.Debug|Any CPU.Build.0 = Debug|Any CPU
		{678E5073-842B-40DD-8FFF-94768CBB18A0}.Debug|x64.ActiveCfg = Debug|Any CPU
		{678E5073-842B-40DD-8FFF-94768CBB18A0}.Debug|x64.Build.0 = Debug|Any CPU
		{678E5073-842B-40DD-8FFF-94768CBB18A0}.Debug|x86.ActiveCfg = Debug|Any CPU
		{678E5073-842B-40DD-8FFF-94768CBB18A0}.Debug|x86.Build.0 = Debug|Any CPU
		{678E5073-842B-40DD-8FFF-94768CBB18A0}.Release|Any CPU.ActiveCfg = Release|Any CPU
		{678E5073-842B-40DD-8FFF-94768CBB18A0}.Release|Any CPU.Build.0 = Release|Any CPU
		{678E5073-842B-40DD-8FFF-94768CBB18A0}.Release|x64.ActiveCfg = Release|Any CPU
		{678E5073-842B-40DD-8FFF-94768CBB18A0}.Release|x64.Build.0 = Release|Any CPU
		{678E5073-842B-40DD-8FFF-94768CBB18A0}.Release|x86.ActiveCfg = Release|Any CPU
		{678E5073-842B-40DD-8FFF-94768CBB18A0}.Release|x86.Build.0 = Release|Any CPU
		{7CE60701-2E54-42BA-A00A-E80CC3B6DE06}.Debug|Any CPU.ActiveCfg = Debug|Any CPU
		{7CE60701-2E54-42BA-A00A-E80CC3B6DE06}.Debug|Any CPU.Build.0 = Debug|Any CPU
		{7CE60701-2E54-42BA-A00A-E80CC3B6DE06}.Debug|x64.ActiveCfg = Debug|Any CPU
		{7CE60701-2E54-42BA-A00A-E80CC3B6DE06}.Debug|x64.Build.0 = Debug|Any CPU
		{7CE60701-2E54-42BA-A00A-E80CC3B6DE06}.Debug|x86.ActiveCfg = Debug|Any CPU
		{7CE60701-2E54-42BA-A00A-E80CC3B6DE06}.Debug|x86.Build.0 = Debug|Any CPU
		{7CE60701-2E54-42BA-A00A-E80CC3B6DE06}.Release|Any CPU.ActiveCfg = Release|Any CPU
		{7CE60701-2E54-42BA-A00A-E80CC3B6DE06}.Release|Any CPU.Build.0 = Release|Any CPU
		{7CE60701-2E54-42BA-A00A-E80CC3B6DE06}.Release|x64.ActiveCfg = Release|Any CPU
		{7CE60701-2E54-42BA-A00A-E80CC3B6DE06}.Release|x64.Build.0 = Release|Any CPU
		{7CE60701-2E54-42BA-A00A-E80CC3B6DE06}.Release|x86.ActiveCfg = Release|Any CPU
		{7CE60701-2E54-42BA-A00A-E80CC3B6DE06}.Release|x86.Build.0 = Release|Any CPU
		{7CE801B2-9E23-49DC-A87E-BB9577B96642}.Debug|Any CPU.ActiveCfg = Debug|Any CPU
		{7CE801B2-9E23-49DC-A87E-BB9577B96642}.Debug|Any CPU.Build.0 = Debug|Any CPU
		{7CE801B2-9E23-49DC-A87E-BB9577B96642}.Debug|x64.ActiveCfg = Debug|Any CPU
		{7CE801B2-9E23-49DC-A87E-BB9577B96642}.Debug|x64.Build.0 = Debug|Any CPU
		{7CE801B2-9E23-49DC-A87E-BB9577B96642}.Debug|x86.ActiveCfg = Debug|Any CPU
		{7CE801B2-9E23-49DC-A87E-BB9577B96642}.Debug|x86.Build.0 = Debug|Any CPU
		{7CE801B2-9E23-49DC-A87E-BB9577B96642}.Release|Any CPU.ActiveCfg = Release|Any CPU
		{7CE801B2-9E23-49DC-A87E-BB9577B96642}.Release|Any CPU.Build.0 = Release|Any CPU
		{7CE801B2-9E23-49DC-A87E-BB9577B96642}.Release|x64.ActiveCfg = Release|Any CPU
		{7CE801B2-9E23-49DC-A87E-BB9577B96642}.Release|x64.Build.0 = Release|Any CPU
		{7CE801B2-9E23-49DC-A87E-BB9577B96642}.Release|x86.ActiveCfg = Release|Any CPU
		{7CE801B2-9E23-49DC-A87E-BB9577B96642}.Release|x86.Build.0 = Release|Any CPU
		{C077F4D3-EFAF-4793-B501-549BAB873E10}.Debug|Any CPU.ActiveCfg = Debug|Any CPU
		{C077F4D3-EFAF-4793-B501-549BAB873E10}.Debug|Any CPU.Build.0 = Debug|Any CPU
		{C077F4D3-EFAF-4793-B501-549BAB873E10}.Debug|x64.ActiveCfg = Debug|Any CPU
		{C077F4D3-EFAF-4793-B501-549BAB873E10}.Debug|x64.Build.0 = Debug|Any CPU
		{C077F4D3-EFAF-4793-B501-549BAB873E10}.Debug|x86.ActiveCfg = Debug|Any CPU
		{C077F4D3-EFAF-4793-B501-549BAB873E10}.Debug|x86.Build.0 = Debug|Any CPU
		{C077F4D3-EFAF-4793-B501-549BAB873E10}.Release|Any CPU.ActiveCfg = Release|Any CPU
		{C077F4D3-EFAF-4793-B501-549BAB873E10}.Release|Any CPU.Build.0 = Release|Any CPU
		{C077F4D3-EFAF-4793-B501-549BAB873E10}.Release|x64.ActiveCfg = Release|Any CPU
		{C077F4D3-EFAF-4793-B501-549BAB873E10}.Release|x64.Build.0 = Release|Any CPU
		{C077F4D3-EFAF-4793-B501-549BAB873E10}.Release|x86.ActiveCfg = Release|Any CPU
		{C077F4D3-EFAF-4793-B501-549BAB873E10}.Release|x86.Build.0 = Release|Any CPU
		{21A923DC-FD67-48C6-9A4E-972B39B6EC5D}.Debug|Any CPU.ActiveCfg = Debug|Any CPU
		{21A923DC-FD67-48C6-9A4E-972B39B6EC5D}.Debug|Any CPU.Build.0 = Debug|Any CPU
		{21A923DC-FD67-48C6-9A4E-972B39B6EC5D}.Debug|x64.ActiveCfg = Debug|Any CPU
		{21A923DC-FD67-48C6-9A4E-972B39B6EC5D}.Debug|x64.Build.0 = Debug|Any CPU
		{21A923DC-FD67-48C6-9A4E-972B39B6EC5D}.Debug|x86.ActiveCfg = Debug|Any CPU
		{21A923DC-FD67-48C6-9A4E-972B39B6EC5D}.Debug|x86.Build.0 = Debug|Any CPU
		{21A923DC-FD67-48C6-9A4E-972B39B6EC5D}.Release|Any CPU.ActiveCfg = Release|Any CPU
		{21A923DC-FD67-48C6-9A4E-972B39B6EC5D}.Release|Any CPU.Build.0 = Release|Any CPU
		{21A923DC-FD67-48C6-9A4E-972B39B6EC5D}.Release|x64.ActiveCfg = Release|Any CPU
		{21A923DC-FD67-48C6-9A4E-972B39B6EC5D}.Release|x64.Build.0 = Release|Any CPU
		{21A923DC-FD67-48C6-9A4E-972B39B6EC5D}.Release|x86.ActiveCfg = Release|Any CPU
		{21A923DC-FD67-48C6-9A4E-972B39B6EC5D}.Release|x86.Build.0 = Release|Any CPU
		{D829D055-A587-4D22-AED1-12909C9E8C60}.Debug|Any CPU.ActiveCfg = Debug|Any CPU
		{D829D055-A587-4D22-AED1-12909C9E8C60}.Debug|Any CPU.Build.0 = Debug|Any CPU
		{D829D055-A587-4D22-AED1-12909C9E8C60}.Debug|x64.ActiveCfg = Debug|Any CPU
		{D829D055-A587-4D22-AED1-12909C9E8C60}.Debug|x64.Build.0 = Debug|Any CPU
		{D829D055-A587-4D22-AED1-12909C9E8C60}.Debug|x86.ActiveCfg = Debug|Any CPU
		{D829D055-A587-4D22-AED1-12909C9E8C60}.Debug|x86.Build.0 = Debug|Any CPU
		{D829D055-A587-4D22-AED1-12909C9E8C60}.Release|Any CPU.ActiveCfg = Release|Any CPU
		{D829D055-A587-4D22-AED1-12909C9E8C60}.Release|Any CPU.Build.0 = Release|Any CPU
		{D829D055-A587-4D22-AED1-12909C9E8C60}.Release|x64.ActiveCfg = Release|Any CPU
		{D829D055-A587-4D22-AED1-12909C9E8C60}.Release|x64.Build.0 = Release|Any CPU
		{D829D055-A587-4D22-AED1-12909C9E8C60}.Release|x86.ActiveCfg = Release|Any CPU
		{D829D055-A587-4D22-AED1-12909C9E8C60}.Release|x86.Build.0 = Release|Any CPU
		{E5B95E19-2D9A-41B4-85B2-923F48CA1BBE}.Debug|Any CPU.ActiveCfg = Debug|Any CPU
		{E5B95E19-2D9A-41B4-85B2-923F48CA1BBE}.Debug|Any CPU.Build.0 = Debug|Any CPU
		{E5B95E19-2D9A-41B4-85B2-923F48CA1BBE}.Debug|x64.ActiveCfg = Debug|Any CPU
		{E5B95E19-2D9A-41B4-85B2-923F48CA1BBE}.Debug|x64.Build.0 = Debug|Any CPU
		{E5B95E19-2D9A-41B4-85B2-923F48CA1BBE}.Debug|x86.ActiveCfg = Debug|Any CPU
		{E5B95E19-2D9A-41B4-85B2-923F48CA1BBE}.Debug|x86.Build.0 = Debug|Any CPU
		{E5B95E19-2D9A-41B4-85B2-923F48CA1BBE}.Release|Any CPU.ActiveCfg = Release|Any CPU
		{E5B95E19-2D9A-41B4-85B2-923F48CA1BBE}.Release|Any CPU.Build.0 = Release|Any CPU
		{E5B95E19-2D9A-41B4-85B2-923F48CA1BBE}.Release|x64.ActiveCfg = Release|Any CPU
		{E5B95E19-2D9A-41B4-85B2-923F48CA1BBE}.Release|x64.Build.0 = Release|Any CPU
		{E5B95E19-2D9A-41B4-85B2-923F48CA1BBE}.Release|x86.ActiveCfg = Release|Any CPU
		{E5B95E19-2D9A-41B4-85B2-923F48CA1BBE}.Release|x86.Build.0 = Release|Any CPU
	EndGlobalSection
	GlobalSection(SolutionProperties) = preSolution
		HideSolutionNode = FALSE
	EndGlobalSection
	GlobalSection(NestedProjects) = preSolution
		{2D80034B-5DA4-4D72-BD8D-0993CD5394C4} = {8199D091-8751-419B-A22A-1AB406D5C160}
		{50A93DB9-9997-4AF5-9EF2-CCE207861E57} = {8199D091-8751-419B-A22A-1AB406D5C160}
		{93505A47-48F9-4CB6-9C12-510E4B049A5B} = {8199D091-8751-419B-A22A-1AB406D5C160}
		{678E5073-842B-40DD-8FFF-94768CBB18A0} = {8199D091-8751-419B-A22A-1AB406D5C160}
		{7CE60701-2E54-42BA-A00A-E80CC3B6DE06} = {8199D091-8751-419B-A22A-1AB406D5C160}
		{7CE801B2-9E23-49DC-A87E-BB9577B96642} = {8199D091-8751-419B-A22A-1AB406D5C160}
		{C077F4D3-EFAF-4793-B501-549BAB873E10} = {8199D091-8751-419B-A22A-1AB406D5C160}
		{21A923DC-FD67-48C6-9A4E-972B39B6EC5D} = {A5DB17EF-EF01-4FA5-A314-300ED6AF4F3A}
		{D829D055-A587-4D22-AED1-12909C9E8C60} = {A5DB17EF-EF01-4FA5-A314-300ED6AF4F3A}
		{E5B95E19-2D9A-41B4-85B2-923F48CA1BBE} = {A5DB17EF-EF01-4FA5-A314-300ED6AF4F3A}
	EndGlobalSection
	GlobalSection(ExtensibilityGlobals) = postSolution
		SolutionGuid = {674830DB-0832-4CCC-8CFD-9A1DBADE37DB}
	EndGlobalSection
EndGlobal
