
Microsoft Visual Studio Solution File, Format Version 12.00
# Visual Studio Version 16
VisualStudioVersion = 16.0.30404.54
MinimumVisualStudioVersion = 10.0.40219.1
Project("{9A19103F-16F7-4668-BE54-9A1E7A4F7556}") = "Spotify", "Spotify\Spotify.csproj", "{421AE353-B55F-4065-9054-3226810472D6}"
EndProject
Project("{9A19103F-16F7-4668-BE54-9A1E7A4F7556}") = "Spotify.ObjectModel", "Spotify.ObjectModel\Spotify.ObjectModel.csproj", "{2D80034B-5DA4-4D72-BD8D-0993CD5394C4}"
EndProject
Project("{9A19103F-16F7-4668-BE54-9A1E7A4F7556}") = "Spotify.Navigation", "Spotify.Navigation\Spotify.Navigation.csproj", "{50A93DB9-9997-4AF5-9EF2-CCE207861E57}"
EndProject
Global
	GlobalSection(SolutionConfigurationPlatforms) = preSolution
		Debug|Any CPU = Debug|Any CPU
		Debug|x64 = Debug|x64
		Debug|x86 = Debug|x86
		Release|Any CPU = Release|Any CPU
		Release|x64 = Release|x64
		Release|x86 = Release|x86
	EndGlobalSection
	GlobalSection(ProjectConfigurationPlatforms) = postSolution
		{421AE353-B55F-4065-9054-3226810472D6}.Debug|Any CPU.ActiveCfg = Debug|Any CPU
		{421AE353-B55F-4065-9054-3226810472D6}.Debug|Any CPU.Build.0 = Debug|Any CPU
		{421AE353-B55F-4065-9054-3226810472D6}.Debug|x64.ActiveCfg = Debug|Any CPU
		{421AE353-B55F-4065-9054-3226810472D6}.Debug|x64.Build.0 = Debug|Any CPU
		{421AE353-B55F-4065-9054-3226810472D6}.Debug|x86.ActiveCfg = Debug|Any CPU
		{421AE353-B55F-4065-9054-3226810472D6}.Debug|x86.Build.0 = Debug|Any CPU
		{421AE353-B55F-4065-9054-3226810472D6}.Release|Any CPU.ActiveCfg = Release|Any CPU
		{421AE353-B55F-4065-9054-3226810472D6}.Release|Any CPU.Build.0 = Release|Any CPU
		{421AE353-B55F-4065-9054-3226810472D6}.Release|x64.ActiveCfg = Release|Any CPU
		{421AE353-B55F-4065-9054-3226810472D6}.Release|x64.Build.0 = Release|Any CPU
		{421AE353-B55F-4065-9054-3226810472D6}.Release|x86.ActiveCfg = Release|Any CPU
		{421AE353-B55F-4065-9054-3226810472D6}.Release|x86.Build.0 = Release|Any CPU
		{2D80034B-5DA4-4D72-BD8D-0993CD5394C4}.Debug|Any CPU.ActiveCfg = Debug|Any CPU
		{2D80034B-5DA4-4D72-BD8D-0993CD5394C4}.Debug|Any CPU.Build.0 = Debug|Any CPU
		{2D80034B-5DA4-4D72-BD8D-0993CD5394C4}.Debug|x64.ActiveCfg = Debug|Any CPU
		{2D80034B-5DA4-4D72-BD8D-0993CD5394C4}.Debug|x64.Build.0 = Debug|Any CPU
		{2D80034B-5DA4-4D72-BD8D-0993CD5394C4}.Debug|x86.ActiveCfg = Debug|Any CPU
		{2D80034B-5DA4-4D72-BD8D-0993CD5394C4}.Debug|x86.Build.0 = Debug|Any CPU
		{2D80034B-5DA4-4D72-BD8D-0993CD5394C4}.Release|Any CPU.ActiveCfg = Release|Any CPU
		{2D80034B-5DA4-4D72-BD8D-0993CD5394C4}.Release|Any CPU.Build.0 = Release|Any CPU
		{2D80034B-5DA4-4D72-BD8D-0993CD5394C4}.Release|x64.ActiveCfg = Release|Any CPU
		{2D80034B-5DA4-4D72-BD8D-0993CD5394C4}.Release|x64.Build.0 = Release|Any CPU
		{2D80034B-5DA4-4D72-BD8D-0993CD5394C4}.Release|x86.ActiveCfg = Release|Any CPU
		{2D80034B-5DA4-4D72-BD8D-0993CD5394C4}.Release|x86.Build.0 = Release|Any CPU
		{50A93DB9-9997-4AF5-9EF2-CCE207861E57}.Debug|Any CPU.ActiveCfg = Debug|Any CPU
		{50A93DB9-9997-4AF5-9EF2-CCE207861E57}.Debug|Any CPU.Build.0 = Debug|Any CPU
		{50A93DB9-9997-4AF5-9EF2-CCE207861E57}.Debug|x64.ActiveCfg = Debug|Any CPU
		{50A93DB9-9997-4AF5-9EF2-CCE207861E57}.Debug|x64.Build.0 = Debug|Any CPU
		{50A93DB9-9997-4AF5-9EF2-CCE207861E57}.Debug|x86.ActiveCfg = Debug|Any CPU
		{50A93DB9-9997-4AF5-9EF2-CCE207861E57}.Debug|x86.Build.0 = Debug|Any CPU
		{50A93DB9-9997-4AF5-9EF2-CCE207861E57}.Release|Any CPU.ActiveCfg = Release|Any CPU
		{50A93DB9-9997-4AF5-9EF2-CCE207861E57}.Release|Any CPU.Build.0 = Release|Any CPU
		{50A93DB9-9997-4AF5-9EF2-CCE207861E57}.Release|x64.ActiveCfg = Release|Any CPU
		{50A93DB9-9997-4AF5-9EF2-CCE207861E57}.Release|x64.Build.0 = Release|Any CPU
		{50A93DB9-9997-4AF5-9EF2-CCE207861E57}.Release|x86.ActiveCfg = Release|Any CPU
		{50A93DB9-9997-4AF5-9EF2-CCE207861E57}.Release|x86.Build.0 = Release|Any CPU
	EndGlobalSection
	GlobalSection(SolutionProperties) = preSolution
		HideSolutionNode = FALSE
	EndGlobalSection
	GlobalSection(ExtensibilityGlobals) = postSolution
		SolutionGuid = {674830DB-0832-4CCC-8CFD-9A1DBADE37DB}
	EndGlobalSection
EndGlobal
